{
  "nodes": {
    "aiotter-systems": {
      "locked": {
        "lastModified": 1742713198,
        "narHash": "sha256-JWhHv66NIjHVARJK82wqQ3CNoFlLMf3tKMMHtqk6lWM=",
        "owner": "aiotter",
        "repo": "systems",
        "rev": "bd1467460fe3f87ed04618a6e7d7767571bd6ada",
        "type": "github"
      },
      "original": {
        "owner": "aiotter",
        "ref": "master",
        "repo": "systems",
        "type": "github"
      }
    },
    "root": {
      "inputs": {
        "aiotter-systems": "aiotter-systems"
      }
    }
  },
  "root": "root",
  "version": 7
}
