{
  "nodes": {
    "ble-sh": {
      "flake": false,
      "locked": {
        "lastModified": 1690361972,
        "narHash": "sha256-QZ/ebAPVRW9vQHq3vDWs0xET+EWKCca2kPEuSHbt7vs=",
        "ref": "refs/heads/master",
        "rev": "dc0cdb30718dba23057556cf88ce832ecfde2491",
        "revCount": 1980,
        "submodules": true,
        "type": "git",
        "url": "https://github.com/akinomyoga/ble.sh.git"
      },
      "original": {
        "ref": "refs/heads/master",
        "submodules": true,
        "type": "git",
        "url": "https://github.com/akinomyoga/ble.sh.git"
      }
    },
    "blesh": {
      "inputs": {
        "ble-sh": "ble-sh",
        "flake-utils": "flake-utils",
        "nixpkgs": [
          "nixpkgs"
        ]
      },
      "locked": {
        "lastModified": 1690865159,
        "narHash": "sha256-2fBr2hjCTx1kp9EnBHF+neGlLh/gQAKJZWiQFTzIITg=",
        "owner": "aiotter",
        "repo": "flakes",
        "rev": "503c9f4d796ec0c78134a03e10eb1e279034f868",
        "type": "github"
      },
      "original": {
        "owner": "aiotter",
        "ref": "blesh",
        "repo": "flakes",
        "type": "github"
      }
    },
    "flake-compat": {
      "flake": false,
      "locked": {
        "lastModified": 1673956053,
        "narHash": "sha256-4gtG9iQuiKITOjNQQeQIpoIB6b16fm+504Ch3sNKLd8=",
        "owner": "edolstra",
        "repo": "flake-compat",
        "rev": "35bb57c0c8d8b62bbfd284272c928ceb64ddbde9",
        "type": "github"
      },
      "original": {
        "owner": "edolstra",
        "repo": "flake-compat",
        "type": "github"
      }
    },
    "flake-utils": {
      "inputs": {
        "systems": "systems"
      },
      "locked": {
        "lastModified": 1689068808,
        "narHash": "sha256-6ixXo3wt24N/melDWjq70UuHQLxGV8jZvooRanIHXw0=",
        "owner": "numtide",
        "repo": "flake-utils",
        "rev": "919d646de7be200f3bf08cb76ae1f09402b6f9b4",
        "type": "github"
      },
      "original": {
        "owner": "numtide",
        "repo": "flake-utils",
        "type": "github"
      }
    },
    "flake-utils_2": {
      "inputs": {
        "systems": "systems_2"
      },
      "locked": {
        "lastModified": 1689068808,
        "narHash": "sha256-6ixXo3wt24N/melDWjq70UuHQLxGV8jZvooRanIHXw0=",
        "owner": "numtide",
        "repo": "flake-utils",
        "rev": "919d646de7be200f3bf08cb76ae1f09402b6f9b4",
        "type": "github"
      },
      "original": {
        "owner": "numtide",
        "repo": "flake-utils",
        "type": "github"
      }
    },
    "flake-utils_3": {
      "locked": {
        "lastModified": 1667395993,
        "narHash": "sha256-nuEHfE/LcWyuSWnS8t12N1wc105Qtau+/OdUAjtQ0rA=",
        "owner": "numtide",
        "repo": "flake-utils",
        "rev": "5aed5285a952e0b949eb3ba02c12fa4fcfef535f",
        "type": "github"
      },
      "original": {
        "owner": "numtide",
        "repo": "flake-utils",
        "type": "github"
      }
    },
    "flake-utils_4": {
      "inputs": {
        "systems": "systems_3"
      },
      "locked": {
        "lastModified": 1689068808,
        "narHash": "sha256-6ixXo3wt24N/melDWjq70UuHQLxGV8jZvooRanIHXw0=",
        "owner": "numtide",
        "repo": "flake-utils",
        "rev": "919d646de7be200f3bf08cb76ae1f09402b6f9b4",
        "type": "github"
      },
      "original": {
        "owner": "numtide",
        "repo": "flake-utils",
        "type": "github"
      }
    },
    "flake-utils_5": {
      "locked": {
        "lastModified": 1667395993,
        "narHash": "sha256-nuEHfE/LcWyuSWnS8t12N1wc105Qtau+/OdUAjtQ0rA=",
        "owner": "numtide",
        "repo": "flake-utils",
        "rev": "5aed5285a952e0b949eb3ba02c12fa4fcfef535f",
        "type": "github"
      },
      "original": {
        "owner": "numtide",
        "repo": "flake-utils",
        "type": "github"
      }
    },
    "flake-utils_6": {
      "locked": {
        "lastModified": 1678901627,
        "narHash": "sha256-U02riOqrKKzwjsxc/400XnElV+UtPUQWpANPlyazjH0=",
        "owner": "numtide",
        "repo": "flake-utils",
        "rev": "93a2b84fc4b70d9e089d029deacc3583435c2ed6",
        "type": "github"
      },
      "original": {
        "owner": "numtide",
        "repo": "flake-utils",
        "type": "github"
      }
    },
    "flake-utils_7": {
      "locked": {
        "lastModified": 1659877975,
        "narHash": "sha256-zllb8aq3YO3h8B/U0/J1WBgAL8EX5yWf5pMj3G0NAmc=",
        "owner": "numtide",
        "repo": "flake-utils",
        "rev": "c0e246b9b83f637f4681389ecabcb2681b4f3af0",
        "type": "github"
      },
      "original": {
        "owner": "numtide",
        "repo": "flake-utils",
        "type": "github"
      }
    },
    "home-manager": {
      "inputs": {
        "nixpkgs": [
          "nixpkgs"
        ]
      },
      "locked": {
        "lastModified": 1690846837,
        "narHash": "sha256-ZZ8YPOEdZG0zz61U4sfUAx28oEdqLdtG1iWTTH/98uc=",
        "owner": "nix-community",
        "repo": "home-manager",
        "rev": "4fd794d3df88735dcf9662155d77b08a2e2dde29",
        "type": "github"
      },
      "original": {
        "owner": "nix-community",
        "repo": "home-manager",
        "type": "github"
      }
    },
    "nixpkgs": {
      "locked": {
        "lastModified": 1690833316,
        "narHash": "sha256-+YU+/pTJmVKNW12R07/SJiTn7PQk90xwCI4D2PfLRPs=",
        "owner": "nixos",
        "repo": "nixpkgs",
        "rev": "9418167277f665de6f4a29f414d438cf39c55b9e",
        "type": "github"
      },
      "original": {
        "owner": "nixos",
        "ref": "nixpkgs-unstable",
        "repo": "nixpkgs",
        "type": "github"
      }
    },
    "pivy": {
      "inputs": {
        "flake-utils": "flake-utils_3",
        "nixpkgs": [
          "nixpkgs"
        ],
        "pivy": "pivy_2"
      },
      "locked": {
        "lastModified": 1670841396,
        "narHash": "sha256-H1dJxLulI1rKlAXtBH/VukS5Xsap3QkXUUsK/ZHFLt8=",
        "owner": "aiotter",
        "repo": "flakes",
        "rev": "2e13d0e1e1c350474a170d08392aca8f040ddb6a",
        "type": "github"
      },
      "original": {
        "owner": "aiotter",
        "ref": "pivy",
        "repo": "flakes",
        "type": "github"
      }
    },
    "pivy_2": {
      "flake": false,
      "locked": {
        "lastModified": 1663032796,
        "narHash": "sha256-Y9+Brtr25TjCkyUQPal4zC+0CMVuQqsSRx2DyTUkDPE=",
        "owner": "arekinath",
        "repo": "pivy",
        "rev": "039b02d8c9807eb1c34a37a84ee65fbff4320a65",
        "type": "github"
      },
      "original": {
        "owner": "arekinath",
        "repo": "pivy",
        "type": "github"
      }
    },
    "pyenv": {
      "flake": false,
      "locked": {
        "lastModified": 1690140557,
        "narHash": "sha256-Rs4FWbJ5zVpGNYQlILaJPCGXs64ZU5zoLyvqd6GFjrM=",
        "owner": "pyenv",
        "repo": "pyenv",
        "rev": "8aabba94854293738aea9e8d034cc981250ed7de",
        "type": "github"
      },
      "original": {
        "owner": "pyenv",
        "repo": "pyenv",
        "type": "github"
      }
    },
    "python-build": {
      "inputs": {
        "flake-utils": "flake-utils_4",
        "nixpkgs": [
          "nixpkgs"
        ],
        "pyenv": "pyenv"
      },
      "locked": {
        "lastModified": 1690254131,
        "narHash": "sha256-/msu/5W+HAUPH9PTlJeVInV8LPh9etHEge/r5h5Bpc4=",
        "owner": "aiotter",
        "repo": "flakes",
        "rev": "5904616d042e824b7805f395efa643f2e50980b0",
        "type": "github"
      },
      "original": {
        "owner": "aiotter",
        "ref": "python-build",
        "repo": "flakes",
        "type": "github"
      }
    },
    "root": {
      "inputs": {
        "blesh": "blesh",
        "flake-utils": "flake-utils_2",
        "home-manager": "home-manager",
        "nixpkgs": "nixpkgs",
        "pivy": "pivy",
        "python-build": "python-build",
        "usbutils": "usbutils",
        "youtube-dl": "youtube-dl",
        "zig": "zig"
      }
    },
    "systems": {
      "locked": {
        "lastModified": 1681028828,
        "narHash": "sha256-Vy1rq5AaRuLzOxct8nz4T6wlgyUR7zLU309k9mBC768=",
        "owner": "nix-systems",
        "repo": "default",
        "rev": "da67096a3b9bf56a91d16901293e51ba5b49a27e",
        "type": "github"
      },
      "original": {
        "owner": "nix-systems",
        "repo": "default",
        "type": "github"
      }
    },
    "systems_2": {
      "locked": {
        "lastModified": 1681028828,
        "narHash": "sha256-Vy1rq5AaRuLzOxct8nz4T6wlgyUR7zLU309k9mBC768=",
        "owner": "nix-systems",
        "repo": "default",
        "rev": "da67096a3b9bf56a91d16901293e51ba5b49a27e",
        "type": "github"
      },
      "original": {
        "owner": "nix-systems",
        "repo": "default",
        "type": "github"
      }
    },
    "systems_3": {
      "locked": {
        "lastModified": 1681028828,
        "narHash": "sha256-Vy1rq5AaRuLzOxct8nz4T6wlgyUR7zLU309k9mBC768=",
        "owner": "nix-systems",
        "repo": "default",
        "rev": "da67096a3b9bf56a91d16901293e51ba5b49a27e",
        "type": "github"
      },
      "original": {
        "owner": "nix-systems",
        "repo": "default",
        "type": "github"
      }
    },
    "usbutils": {
      "inputs": {
        "flake-utils": "flake-utils_5",
        "nixpkgs": [
          "nixpkgs"
        ]
      },
      "locked": {
        "lastModified": 1668327011,
        "narHash": "sha256-9oSaFJYpHVDrjfq/wOVMWRIYPr66hNbtvokVHgsHVw8=",
        "owner": "aiotter",
        "repo": "flakes",
        "rev": "beaca0b3199d6bc043cc503af968430e0a198837",
        "type": "github"
      },
      "original": {
        "owner": "aiotter",
        "ref": "usbutils",
        "repo": "flakes",
        "type": "github"
      }
    },
    "youtube-dl": {
      "inputs": {
        "flake-utils": "flake-utils_6",
        "nixpkgs": [
          "nixpkgs"
        ],
        "youtube-dl": "youtube-dl_2"
      },
      "locked": {
        "lastModified": 1679568707,
        "narHash": "sha256-qD7IyzoVBtiP0+/0Da8eV90jDQuabBaChaQhVI5gop8=",
        "owner": "aiotter",
        "repo": "flakes",
        "rev": "effadce322ff0e4096e9af89909fb997bb743133",
        "type": "github"
      },
      "original": {
        "owner": "aiotter",
        "ref": "youtube-dl",
        "repo": "flakes",
        "type": "github"
      }
    },
    "youtube-dl_2": {
      "flake": false,
      "locked": {
        "lastModified": 1678811000,
        "narHash": "sha256-pMFD9nzvIRaLDRXtSsFMX62gtTv5/6Ex77fgJpZS1Io=",
        "owner": "ytdl-org",
        "repo": "youtube-dl",
        "rev": "6fece0a96b3cd8677f5c1185a57c6e21403fcb44",
        "type": "github"
      },
      "original": {
        "owner": "ytdl-org",
        "ref": "master",
        "repo": "youtube-dl",
        "type": "github"
      }
    },
    "zig": {
      "inputs": {
        "flake-compat": "flake-compat",
        "flake-utils": "flake-utils_7",
        "nixpkgs": [
          "nixpkgs"
        ]
      },
      "locked": {
        "lastModified": 1679531060,
        "narHash": "sha256-pi4Zi18JUFfoSxne2TR5Mh6xIWMy35V1yi+VMxXKPKA=",
        "owner": "mitchellh",
        "repo": "zig-overlay",
        "rev": "72c0882ff71ce30c8d674a0a720b30c8cd26c005",
        "type": "github"
      },
      "original": {
        "owner": "mitchellh",
        "repo": "zig-overlay",
        "type": "github"
      }
    }
  },
  "root": "root",
  "version": 7
}
