{
  "nodes": {
    "flake-compat": {
      "flake": false,
      "locked": {
        "lastModified": 1696426674,
        "narHash": "sha256-kvjfFW7WAETZlt09AgDn1MrtKzP7t90Vf7vypd3OL1U=",
        "owner": "edolstra",
        "repo": "flake-compat",
        "rev": "0f9255e01c2351cc7d116c072cb317785dd33b33",
        "type": "github"
      },
      "original": {
        "owner": "edolstra",
        "repo": "flake-compat",
        "type": "github"
      }
    },
    "flake-utils": {
      "inputs": {
        "systems": "systems"
      },
      "locked": {
        "lastModified": 1731533236,
        "narHash": "sha256-l0KFg5HjrsfsO/JpG+r7fRrqm12kzFHyUHqHCVpMMbI=",
        "owner": "numtide",
        "repo": "flake-utils",
        "rev": "11707dc2f618dd54ca8739b309ec4fc024de578b",
        "type": "github"
      },
      "original": {
        "owner": "numtide",
        "repo": "flake-utils",
        "type": "github"
      }
    },
    "flake-utils_2": {
      "inputs": {
        "systems": "systems_2"
      },
      "locked": {
        "lastModified": 1731533236,
        "narHash": "sha256-l0KFg5HjrsfsO/JpG+r7fRrqm12kzFHyUHqHCVpMMbI=",
        "owner": "numtide",
        "repo": "flake-utils",
        "rev": "11707dc2f618dd54ca8739b309ec4fc024de578b",
        "type": "github"
      },
      "original": {
        "owner": "numtide",
        "repo": "flake-utils",
        "type": "github"
      }
    },
    "flake-utils_3": {
      "inputs": {
        "systems": "systems_3"
      },
      "locked": {
        "lastModified": 1689068808,
        "narHash": "sha256-6ixXo3wt24N/melDWjq70UuHQLxGV8jZvooRanIHXw0=",
        "owner": "numtide",
        "repo": "flake-utils",
        "rev": "919d646de7be200f3bf08cb76ae1f09402b6f9b4",
        "type": "github"
      },
      "original": {
        "owner": "numtide",
        "repo": "flake-utils",
        "type": "github"
      }
    },
    "flake-utils_4": {
      "locked": {
        "lastModified": 1667395993,
        "narHash": "sha256-nuEHfE/LcWyuSWnS8t12N1wc105Qtau+/OdUAjtQ0rA=",
        "owner": "numtide",
        "repo": "flake-utils",
        "rev": "5aed5285a952e0b949eb3ba02c12fa4fcfef535f",
        "type": "github"
      },
      "original": {
        "owner": "numtide",
        "repo": "flake-utils",
        "type": "github"
      }
    },
    "flake-utils_5": {
      "inputs": {
        "systems": "systems_4"
      },
      "locked": {
        "lastModified": 1731533236,
        "narHash": "sha256-l0KFg5HjrsfsO/JpG+r7fRrqm12kzFHyUHqHCVpMMbI=",
        "owner": "numtide",
        "repo": "flake-utils",
        "rev": "11707dc2f618dd54ca8739b309ec4fc024de578b",
        "type": "github"
      },
      "original": {
        "owner": "numtide",
        "repo": "flake-utils",
        "type": "github"
      }
    },
    "flake-utils_6": {
      "inputs": {
        "systems": "systems_5"
      },
      "locked": {
        "lastModified": 1705309234,
        "narHash": "sha256-uNRRNRKmJyCRC/8y1RqBkqWBLM034y4qN7EprSdmgyA=",
        "owner": "numtide",
        "repo": "flake-utils",
        "rev": "1ef2e671c3b0c19053962c07dbda38332dcebf26",
        "type": "github"
      },
      "original": {
        "owner": "numtide",
        "repo": "flake-utils",
        "type": "github"
      }
    },
    "home-manager": {
      "inputs": {
        "nixpkgs": [
          "nixpkgs"
        ]
      },
      "locked": {
        "lastModified": 1763992789,
        "narHash": "sha256-WHkdBlw6oyxXIra/vQPYLtqY+3G8dUVZM8bEXk0t8x4=",
        "owner": "nix-community",
        "repo": "home-manager",
        "rev": "44831a7eaba4360fb81f2acc5ea6de5fde90aaa3",
        "type": "github"
      },
      "original": {
        "owner": "nix-community",
        "ref": "release-25.05",
        "repo": "home-manager",
        "type": "github"
      }
    },
    "nixpkgs": {
      "locked": {
        "lastModified": 1764845660,
        "narHash": "sha256-S41bAZvXKcBs342AFerfQFlLLIkYYwiNn/JdUiR18WQ=",
        "owner": "nixos",
        "repo": "nixpkgs",
        "rev": "6d0d95e6efb2b8dee1b06f7c7db5fe881a7bdc04",
        "type": "github"
      },
      "original": {
        "owner": "nixos",
        "ref": "release-25.05",
        "repo": "nixpkgs",
        "type": "github"
      }
    },
    "pivy": {
      "inputs": {
        "flake-utils": "flake-utils_2",
        "nixpkgs": [
          "nixpkgs"
        ],
        "pivy": "pivy_2"
      },
      "locked": {
        "lastModified": 1764859206,
        "narHash": "sha256-d2lcN8c1vd1wUc6Ug8E0S3ktdPYTvI/x2r+f7aiaCug=",
        "owner": "aiotter",
        "repo": "flakes",
        "rev": "fa802fd9a535e3248e29d555a53d3417ba97f004",
        "type": "github"
      },
      "original": {
        "owner": "aiotter",
        "ref": "pivy",
        "repo": "flakes",
        "type": "github"
      }
    },
    "pivy_2": {
      "flake": false,
      "locked": {
        "lastModified": 1762908812,
        "narHash": "sha256-WV+D0syzqwNDZTY2SU1jRcrUrhi6StdbPlsP1VeQnu0=",
        "owner": "arekinath",
        "repo": "pivy",
        "rev": "482e5d52449a4201deaf5b858158c149755ca0e5",
        "type": "github"
      },
      "original": {
        "owner": "arekinath",
        "repo": "pivy",
        "type": "github"
      }
    },
    "pyenv": {
      "flake": false,
      "locked": {
        "lastModified": 1690140557,
        "narHash": "sha256-Rs4FWbJ5zVpGNYQlILaJPCGXs64ZU5zoLyvqd6GFjrM=",
        "owner": "pyenv",
        "repo": "pyenv",
        "rev": "8aabba94854293738aea9e8d034cc981250ed7de",
        "type": "github"
      },
      "original": {
        "owner": "pyenv",
        "repo": "pyenv",
        "type": "github"
      }
    },
    "python-build": {
      "inputs": {
        "flake-utils": "flake-utils_3",
        "nixpkgs": [
          "nixpkgs"
        ],
        "pyenv": "pyenv"
      },
      "locked": {
        "lastModified": 1714668690,
        "narHash": "sha256-iYqsLKroQVrsrtR239ZfHCnTf1p4oHm7IWmr314l3p4=",
        "owner": "aiotter",
        "repo": "flakes",
        "rev": "ee9f0a335d648d63c3453be20af838d7e6f42942",
        "type": "github"
      },
      "original": {
        "owner": "aiotter",
        "ref": "python-build",
        "repo": "flakes",
        "type": "github"
      }
    },
    "reload": {
      "inputs": {
        "nixpkgs": [
          "nixpkgs"
        ]
      },
      "locked": {
        "lastModified": 1743763581,
        "narHash": "sha256-ZS5aGV2O23qlTMb/FvGcnN+MCqOXjBPNfE9Mt9Y4W0c=",
        "owner": "aiotter",
        "repo": "flakes",
        "rev": "df7aadd31a15f771a1034bb4fbf53281fa7544bd",
        "type": "github"
      },
      "original": {
        "owner": "aiotter",
        "ref": "reload",
        "repo": "flakes",
        "type": "github"
      }
    },
    "root": {
      "inputs": {
        "flake-utils": "flake-utils",
        "home-manager": "home-manager",
        "nixpkgs": "nixpkgs",
        "pivy": "pivy",
        "python-build": "python-build",
        "reload": "reload",
        "usbutils": "usbutils",
        "youtube-dl": "youtube-dl",
        "zig": "zig"
      }
    },
    "systems": {
      "locked": {
        "lastModified": 1681028828,
        "narHash": "sha256-Vy1rq5AaRuLzOxct8nz4T6wlgyUR7zLU309k9mBC768=",
        "owner": "nix-systems",
        "repo": "default",
        "rev": "da67096a3b9bf56a91d16901293e51ba5b49a27e",
        "type": "github"
      },
      "original": {
        "owner": "nix-systems",
        "repo": "default",
        "type": "github"
      }
    },
    "systems_2": {
      "locked": {
        "lastModified": 1681028828,
        "narHash": "sha256-Vy1rq5AaRuLzOxct8nz4T6wlgyUR7zLU309k9mBC768=",
        "owner": "nix-systems",
        "repo": "default",
        "rev": "da67096a3b9bf56a91d16901293e51ba5b49a27e",
        "type": "github"
      },
      "original": {
        "owner": "nix-systems",
        "repo": "default",
        "type": "github"
      }
    },
    "systems_3": {
      "locked": {
        "lastModified": 1681028828,
        "narHash": "sha256-Vy1rq5AaRuLzOxct8nz4T6wlgyUR7zLU309k9mBC768=",
        "owner": "nix-systems",
        "repo": "default",
        "rev": "da67096a3b9bf56a91d16901293e51ba5b49a27e",
        "type": "github"
      },
      "original": {
        "owner": "nix-systems",
        "repo": "default",
        "type": "github"
      }
    },
    "systems_4": {
      "locked": {
        "lastModified": 1681028828,
        "narHash": "sha256-Vy1rq5AaRuLzOxct8nz4T6wlgyUR7zLU309k9mBC768=",
        "owner": "nix-systems",
        "repo": "default",
        "rev": "da67096a3b9bf56a91d16901293e51ba5b49a27e",
        "type": "github"
      },
      "original": {
        "owner": "nix-systems",
        "repo": "default",
        "type": "github"
      }
    },
    "systems_5": {
      "locked": {
        "lastModified": 1681028828,
        "narHash": "sha256-Vy1rq5AaRuLzOxct8nz4T6wlgyUR7zLU309k9mBC768=",
        "owner": "nix-systems",
        "repo": "default",
        "rev": "da67096a3b9bf56a91d16901293e51ba5b49a27e",
        "type": "github"
      },
      "original": {
        "owner": "nix-systems",
        "repo": "default",
        "type": "github"
      }
    },
    "usbutils": {
      "inputs": {
        "flake-utils": "flake-utils_4",
        "nixpkgs": [
          "nixpkgs"
        ]
      },
      "locked": {
        "lastModified": 1668327011,
        "narHash": "sha256-9oSaFJYpHVDrjfq/wOVMWRIYPr66hNbtvokVHgsHVw8=",
        "owner": "aiotter",
        "repo": "flakes",
        "rev": "beaca0b3199d6bc043cc503af968430e0a198837",
        "type": "github"
      },
      "original": {
        "owner": "aiotter",
        "ref": "usbutils",
        "repo": "flakes",
        "type": "github"
      }
    },
    "youtube-dl": {
      "inputs": {
        "flake-utils": "flake-utils_5",
        "nixpkgs": [
          "nixpkgs"
        ],
        "youtube-dl": "youtube-dl_2"
      },
      "locked": {
        "lastModified": 1744426245,
        "narHash": "sha256-hZ/KJYaDAywLoISRXafVdi1yRWq7dH0FAXvdGgwRO9M=",
        "owner": "aiotter",
        "repo": "flakes",
        "rev": "bba8921f6b81620227d452cd464a89b2a5a7aea6",
        "type": "github"
      },
      "original": {
        "owner": "aiotter",
        "ref": "youtube-dl",
        "repo": "flakes",
        "type": "github"
      }
    },
    "youtube-dl_2": {
      "flake": false,
      "locked": {
        "lastModified": 1744073940,
        "narHash": "sha256-1dVXKBpidI2mnotAD1SXlx6x0GgejWfVMOjKuv2F6qs=",
        "owner": "ytdl-org",
        "repo": "youtube-dl",
        "rev": "c052a16f72af7dd7671d4dd62826de71cd99dfb6",
        "type": "github"
      },
      "original": {
        "owner": "ytdl-org",
        "ref": "master",
        "repo": "youtube-dl",
        "type": "github"
      }
    },
    "zig": {
      "inputs": {
        "flake-compat": "flake-compat",
        "flake-utils": "flake-utils_6",
        "nixpkgs": [
          "nixpkgs"
        ]
      },
      "locked": {
        "lastModified": 1764203689,
        "narHash": "sha256-ivb0SqCptyIxx5g8ryRrUL0xrJhLrJPlvZbZjxVaui0=",
        "owner": "mitchellh",
        "repo": "zig-overlay",
        "rev": "8f7347545dea59b75e40247cc1ed55a42f64dbbf",
        "type": "github"
      },
      "original": {
        "owner": "mitchellh",
        "repo": "zig-overlay",
        "type": "github"
      }
    }
  },
  "root": "root",
  "version": 7
}
