{
  "nodes": {
    "ble-sh": {
      "flake": false,
      "locked": {
        "lastModified": 1663313564,
        "narHash": "sha256-LmTVSPQFK3GEJShblODVGHe0q2Nv170KMd34e74zn9o=",
        "ref": "refs/heads/master",
        "rev": "49e55f40dc09cff0fa6412e4a8971cac61dd2dbe",
        "revCount": 1820,
        "submodules": true,
        "type": "git",
        "url": "https://github.com/akinomyoga/ble.sh.git"
      },
      "original": {
        "ref": "refs/heads/master",
        "submodules": true,
        "type": "git",
        "url": "https://github.com/akinomyoga/ble.sh.git"
      }
    },
    "flake-utils": {
      "locked": {
        "lastModified": 1659877975,
        "narHash": "sha256-zllb8aq3YO3h8B/U0/J1WBgAL8EX5yWf5pMj3G0NAmc=",
        "owner": "numtide",
        "repo": "flake-utils",
        "rev": "c0e246b9b83f637f4681389ecabcb2681b4f3af0",
        "type": "github"
      },
      "original": {
        "owner": "numtide",
        "repo": "flake-utils",
        "type": "github"
      }
    },
    "nixpkgs": {
      "locked": {
        "lastModified": 1663491030,
        "narHash": "sha256-MVsfBhE9US5DvLtBAaTRjwYdv1tLO8xjahM8qLXTgTo=",
        "owner": "NixOS",
        "repo": "nixpkgs",
        "rev": "767542707d394ff15ac1981e903e005ba69528b5",
        "type": "github"
      },
      "original": {
        "id": "nixpkgs",
        "ref": "nixpkgs-unstable",
        "type": "indirect"
      }
    },
    "root": {
      "inputs": {
        "ble-sh": "ble-sh",
        "flake-utils": "flake-utils",
        "nixpkgs": "nixpkgs"
      }
    }
  },
  "root": "root",
  "version": 7
}
