{
  "nodes": {
    "flake-utils": {
      "locked": {
        "lastModified": 1659877975,
        "narHash": "sha256-zllb8aq3YO3h8B/U0/J1WBgAL8EX5yWf5pMj3G0NAmc=",
        "owner": "numtide",
        "repo": "flake-utils",
        "rev": "c0e246b9b83f637f4681389ecabcb2681b4f3af0",
        "type": "github"
      },
      "original": {
        "owner": "numtide",
        "repo": "flake-utils",
        "type": "github"
      }
    },
    "man-pages-ja": {
      "flake": false,
      "locked": {
        "lastModified": 1663127686,
        "narHash": "sha256-0alIk+A6mkSKWtJFDfEACt+LN78jyXrlw7Kb6cbXL9o=",
        "ref": "refs/heads/master",
        "rev": "a97c32caa56a11b5581d8f50e55dab53896920f4",
        "revCount": 1608,
        "type": "git",
        "url": "https://scm.osdn.net/gitroot/linuxjm/jm.git"
      },
      "original": {
        "type": "git",
        "url": "https://scm.osdn.net/gitroot/linuxjm/jm.git"
      }
    },
    "nixpkgs": {
      "locked": {
        "lastModified": 1664432844,
        "narHash": "sha256-/7YydlQfYeSN//5Q/nceSDeeBa5ZuO5c8wv9IULbOPg=",
        "owner": "NixOS",
        "repo": "nixpkgs",
        "rev": "c4d0026e7346ad2006c2ba730d5a712c18195aab",
        "type": "github"
      },
      "original": {
        "id": "nixpkgs",
        "ref": "nixpkgs-unstable",
        "type": "indirect"
      }
    },
    "root": {
      "inputs": {
        "flake-utils": "flake-utils",
        "man-pages-ja": "man-pages-ja",
        "nixpkgs": "nixpkgs"
      }
    }
  },
  "root": "root",
  "version": 7
}
